version = 1
revision = 3
requires-python = ">=3.13"

[[package]]
name = "bls-api"
version = "0.1.0"
source = { virtual = "." }
dependencies = [
    { name = "fastexcel", extra = ["polars"] },
    { name = "requests" },
]

[package.metadata]
requires-dist = [
    { name = "fastexcel", extras = ["polars"], specifier = ">=0.19.0" },
    { name = "requests", specifier = ">=2.32.5" },
]

[[package]]
name = "certifi"
version = "2026.1.4"
source = { registry = "https://pypi.org/simple" }
sdist = { url = "https://files.pythonhosted.org/packages/e0/2d/a891ca51311197f6ad14a7ef42e2399f36cf2f9bd44752b3dc4eab60fdc5/certifi-2026.1.4.tar.gz", hash = "sha256:ac726dd470482006e014ad384921ed6438c457018f4b3d204aea4281258b2120", size = 154268, upload-time = "2026-01-04T02:42:41.825Z" }
wheels = [
    { url = "https://files.pythonhosted.org/packages/e6/ad/3cc14f097111b4de0040c83a525973216457bbeeb63739ef1ed275c1c021/certifi-2026.1.4-py3-none-any.whl", hash = "sha256:9943707519e4add1115f44c2bc244f782c0249876bf51b6599fee1ffbedd685c", size = 152900, upload-time = "2026-01-04T02:42:40.15Z" },
]

[[package]]
name = "charset-normalizer"
version = "3.4.4"
source = { registry = "https://pypi.org/simple" }
sdist = { url = "https://files.pythonhosted.org/packages/13/69/33ddede1939fdd074bce5434295f38fae7136463422fe4fd3e0e89b98062/charset_normalizer-3.4.4.tar.gz", hash = "sha256:94537985111c35f28720e43603b8e7b43a6ecfb2ce1d3058bbe955b73404e21a", size = 129418, upload-time = "2025-10-14T04:42:32.879Z" }
wheels = [
    { url = "https://files.pythonhosted.org/packages/97/45/4b3a1239bbacd321068ea6e7ac28875b03ab8bc0aa0966452db17cd36714/charset_normalizer-3.4.4-cp313-cp313-macosx_10_13_universal2.whl", hash = "sha256:e1f185f86a6f3403aa2420e815904c67b2f9ebc443f045edd0de921108345794", size = 208091, upload-time = "2025-10-14T04:41:13.346Z" },
    { url = "https://files.pythonhosted.org/packages/7d/62/73a6d7450829655a35bb88a88fca7d736f9882a27eacdca2c6d505b57e2e/charset_normalizer-3.4.4-cp313-cp313-manylinux2014_aarch64.manylinux_2_17_aarch64.manylinux_2_28_aarch64.whl", hash = "sha256:6b39f987ae8ccdf0d2642338faf2abb1862340facc796048b604ef14919e55ed", size = 147936, upload-time = "2025-10-14T04:41:14.461Z" },
    { url = "https://files.pythonhosted.org/packages/89/c5/adb8c8b3d6625bef6d88b251bbb0d95f8205831b987631ab0c8bb5d937c2/charset_normalizer-3.4.4-cp313-cp313-manylinux2014_armv7l.manylinux_2_17_armv7l.manylinux_2_31_armv7l.whl", hash = "sha256:3162d5d8ce1bb98dd51af660f2121c55d0fa541b46dff7bb9b9f86ea1d87de72", size = 144180, upload-time = "2025-10-14T04:41:15.588Z" },
    { url = "https://files.pythonhosted.org/packages/91/ed/9706e4070682d1cc219050b6048bfd293ccf67b3d4f5a4f39207453d4b99/charset_normalizer-3.4.4-cp313-cp313-manylinux2014_ppc64le.manylinux_2_17_ppc64le.manylinux_2_28_ppc64le.whl", hash = "sha256:81d5eb2a312700f4ecaa977a8235b634ce853200e828fbadf3a9c50bab278328", size = 161346, upload-time = "2025-10-14T04:41:16.738Z" },
    { url = "https://files.pythonhosted.org/packages/d5/0d/031f0d95e4972901a2f6f09ef055751805ff541511dc1252ba3ca1f80cf5/charset_normalizer-3.4.4-cp313-cp313-manylinux2014_s390x.manylinux_2_17_s390x.manylinux_2_28_s390x.whl", hash = "sha256:5bd2293095d766545ec1a8f612559f6b40abc0eb18bb2f5d1171872d34036ede", size = 158874, upload-time = "2025-10-14T04:41:17.923Z" },
    { url = "https://files.pythonhosted.org/packages/f5/83/6ab5883f57c9c801ce5e5677242328aa45592be8a00644310a008d04f922/charset_normalizer-3.4.4-cp313-cp313-manylinux2014_x86_64.manylinux_2_17_x86_64.manylinux_2_28_x86_64.whl", hash = "sha256:a8a8b89589086a25749f471e6a900d3f662d1d3b6e2e59dcecf787b1cc3a1894", size = 153076, upload-time = "2025-10-14T04:41:19.106Z" },
    { url = "https://files.pythonhosted.org/packages/75/1e/5ff781ddf5260e387d6419959ee89ef13878229732732ee73cdae01800f2/charset_normalizer-3.4.4-cp313-cp313-manylinux_2_31_riscv64.manylinux_2_39_riscv64.whl", hash = "sha256:bc7637e2f80d8530ee4a78e878bce464f70087ce73cf7c1caf142416923b98f1", size = 150601, upload-time = "2025-10-14T04:41:20.245Z" },
    { url = "https://files.pythonhosted.org/packages/d7/57/71be810965493d3510a6ca79b90c19e48696fb1ff964da319334b12677f0/charset_normalizer-3.4.4-cp313-cp313-musllinux_1_2_aarch64.whl", hash = "sha256:f8bf04158c6b607d747e93949aa60618b61312fe647a6369f88ce2ff16043490", size = 150376, upload-time = "2025-10-14T04:41:21.398Z" },
    { url = "https://files.pythonhosted.org/packages/e5/d5/c3d057a78c181d007014feb7e9f2e65905a6c4ef182c0ddf0de2924edd65/charset_normalizer-3.4.4-cp313-cp313-musllinux_1_2_armv7l.whl", hash = "sha256:554af85e960429cf30784dd47447d5125aaa3b99a6f0683589dbd27e2f45da44", size = 144825, upload-time = "2025-10-14T04:41:22.583Z" },
    { url = "https://files.pythonhosted.org/packages/e6/8c/d0406294828d4976f275ffbe66f00266c4b3136b7506941d87c00cab5272/charset_normalizer-3.4.4-cp313-cp313-musllinux_1_2_ppc64le.whl", hash = "sha256:74018750915ee7ad843a774364e13a3db91682f26142baddf775342c3f5b1133", size = 162583, upload-time = "2025-10-14T04:41:23.754Z" },
    { url = "https://files.pythonhosted.org/packages/d7/24/e2aa1f18c8f15c4c0e932d9287b8609dd30ad56dbe41d926bd846e22fb8d/charset_normalizer-3.4.4-cp313-cp313-musllinux_1_2_riscv64.whl", hash = "sha256:c0463276121fdee9c49b98908b3a89c39be45d86d1dbaa22957e38f6321d4ce3", size = 150366, upload-time = "2025-10-14T04:41:25.27Z" },
    { url = "https://files.pythonhosted.org/packages/e4/5b/1e6160c7739aad1e2df054300cc618b06bf784a7a164b0f238360721ab86/charset_normalizer-3.4.4-cp313-cp313-musllinux_1_2_s390x.whl", hash = "sha256:362d61fd13843997c1c446760ef36f240cf81d3ebf74ac62652aebaf7838561e", size = 160300, upload-time = "2025-10-14T04:41:26.725Z" },
    { url = "https://files.pythonhosted.org/packages/7a/10/f882167cd207fbdd743e55534d5d9620e095089d176d55cb22d5322f2afd/charset_normalizer-3.4.4-cp313-cp313-musllinux_1_2_x86_64.whl", hash = "sha256:9a26f18905b8dd5d685d6d07b0cdf98a79f3c7a918906af7cc143ea2e164c8bc", size = 154465, upload-time = "2025-10-14T04:41:28.322Z" },
    { url = "https://files.pythonhosted.org/packages/89/66/c7a9e1b7429be72123441bfdbaf2bc13faab3f90b933f664db506dea5915/charset_normalizer-3.4.4-cp313-cp313-win32.whl", hash = "sha256:9b35f4c90079ff2e2edc5b26c0c77925e5d2d255c42c74fdb70fb49b172726ac", size = 99404, upload-time = "2025-10-14T04:41:29.95Z" },
    { url = "https://files.pythonhosted.org/packages/c4/26/b9924fa27db384bdcd97ab83b4f0a8058d96ad9626ead570674d5e737d90/charset_normalizer-3.4.4-cp313-cp313-win_amd64.whl", hash = "sha256:b435cba5f4f750aa6c0a0d92c541fb79f69a387c91e61f1795227e4ed9cece14", size = 107092, upload-time = "2025-10-14T04:41:31.188Z" },
    { url = "https://files.pythonhosted.org/packages/af/8f/3ed4bfa0c0c72a7ca17f0380cd9e4dd842b09f664e780c13cff1dcf2ef1b/charset_normalizer-3.4.4-cp313-cp313-win_arm64.whl", hash = "sha256:542d2cee80be6f80247095cc36c418f7bddd14f4a6de45af91dfad36d817bba2", size = 100408, upload-time = "2025-10-14T04:41:32.624Z" },
    { url = "https://files.pythonhosted.org/packages/2a/35/7051599bd493e62411d6ede36fd5af83a38f37c4767b92884df7301db25d/charset_normalizer-3.4.4-cp314-cp314-macosx_10_13_universal2.whl", hash = "sha256:da3326d9e65ef63a817ecbcc0df6e94463713b754fe293eaa03da99befb9a5bd", size = 207746, upload-time = "2025-10-14T04:41:33.773Z" },
    { url = "https://files.pythonhosted.org/packages/10/9a/97c8d48ef10d6cd4fcead2415523221624bf58bcf68a802721a6bc807c8f/charset_normalizer-3.4.4-cp314-cp314-manylinux2014_aarch64.manylinux_2_17_aarch64.manylinux_2_28_aarch64.whl", hash = "sha256:8af65f14dc14a79b924524b1e7fffe304517b2bff5a58bf64f30b98bbc5079eb", size = 147889, upload-time = "2025-10-14T04:41:34.897Z" },
    { url = "https://files.pythonhosted.org/packages/10/bf/979224a919a1b606c82bd2c5fa49b5c6d5727aa47b4312bb27b1734f53cd/charset_normalizer-3.4.4-cp314-cp314-manylinux2014_armv7l.manylinux_2_17_armv7l.manylinux_2_31_armv7l.whl", hash = "sha256:74664978bb272435107de04e36db5a9735e78232b85b77d45cfb38f758efd33e", size = 143641, upload-time = "2025-10-14T04:41:36.116Z" },
    { url = "https://files.pythonhosted.org/packages/ba/33/0ad65587441fc730dc7bd90e9716b30b4702dc7b617e6ba4997dc8651495/charset_normalizer-3.4.4-cp314-cp314-manylinux2014_ppc64le.manylinux_2_17_ppc64le.manylinux_2_28_ppc64le.whl", hash = "sha256:752944c7ffbfdd10c074dc58ec2d5a8a4cd9493b314d367c14d24c17684ddd14", size = 160779, upload-time = "2025-10-14T04:41:37.229Z" },
    { url = "https://files.pythonhosted.org/packages/67/ed/331d6b249259ee71ddea93f6f2f0a56cfebd46938bde6fcc6f7b9a3d0e09/charset_normalizer-3.4.4-cp314-cp314-manylinux2014_s390x.manylinux_2_17_s390x.manylinux_2_28_s390x.whl", hash = "sha256:d1f13550535ad8cff21b8d757a3257963e951d96e20ec82ab44bc64aeb62a191", size = 159035, upload-time = "2025-10-14T04:41:38.368Z" },
    { url = "https://files.pythonhosted.org/packages/67/ff/f6b948ca32e4f2a4576aa129d8bed61f2e0543bf9f5f2b7fc3758ed005c9/charset_normalizer-3.4.4-cp314-cp314-manylinux2014_x86_64.manylinux_2_17_x86_64.manylinux_2_28_x86_64.whl", hash = "sha256:ecaae4149d99b1c9e7b88bb03e3221956f68fd6d50be2ef061b2381b61d20838", size = 152542, upload-time = "2025-10-14T04:41:39.862Z" },
    { url = "https://files.pythonhosted.org/packages/16/85/276033dcbcc369eb176594de22728541a925b2632f9716428c851b149e83/charset_normalizer-3.4.4-cp314-cp314-manylinux_2_31_riscv64.manylinux_2_39_riscv64.whl", hash = "sha256:cb6254dc36b47a990e59e1068afacdcd02958bdcce30bb50cc1700a8b9d624a6", size = 149524, upload-time = "2025-10-14T04:41:41.319Z" },
    { url = "https://files.pythonhosted.org/packages/9e/f2/6a2a1f722b6aba37050e626530a46a68f74e63683947a8acff92569f979a/charset_normalizer-3.4.4-cp314-cp314-musllinux_1_2_aarch64.whl", hash = "sha256:c8ae8a0f02f57a6e61203a31428fa1d677cbe50c93622b4149d5c0f319c1d19e", size = 150395, upload-time = "2025-10-14T04:41:42.539Z" },
    { url = "https://files.pythonhosted.org/packages/60/bb/2186cb2f2bbaea6338cad15ce23a67f9b0672929744381e28b0592676824/charset_normalizer-3.4.4-cp314-cp314-musllinux_1_2_armv7l.whl", hash = "sha256:47cc91b2f4dd2833fddaedd2893006b0106129d4b94fdb6af1f4ce5a9965577c", size = 143680, upload-time = "2025-10-14T04:41:43.661Z" },
    { url = "https://files.pythonhosted.org/packages/7d/a5/bf6f13b772fbb2a90360eb620d52ed8f796f3c5caee8398c3b2eb7b1c60d/charset_normalizer-3.4.4-cp314-cp314-musllinux_1_2_ppc64le.whl", hash = "sha256:82004af6c302b5d3ab2cfc4cc5f29db16123b1a8417f2e25f9066f91d4411090", size = 162045, upload-time = "2025-10-14T04:41:44.821Z" },
    { url = "https://files.pythonhosted.org/packages/df/c5/d1be898bf0dc3ef9030c3825e5d3b83f2c528d207d246cbabe245966808d/charset_normalizer-3.4.4-cp314-cp314-musllinux_1_2_riscv64.whl", hash = "sha256:2b7d8f6c26245217bd2ad053761201e9f9680f8ce52f0fcd8d0755aeae5b2152", size = 149687, upload-time = "2025-10-14T04:41:46.442Z" },
    { url = "https://files.pythonhosted.org/packages/a5/42/90c1f7b9341eef50c8a1cb3f098ac43b0508413f33affd762855f67a410e/charset_normalizer-3.4.4-cp314-cp314-musllinux_1_2_s390x.whl", hash = "sha256:799a7a5e4fb2d5898c60b640fd4981d6a25f1c11790935a44ce38c54e985f828", size = 160014, upload-time = "2025-10-14T04:41:47.631Z" },
    { url = "https://files.pythonhosted.org/packages/76/be/4d3ee471e8145d12795ab655ece37baed0929462a86e72372fd25859047c/charset_normalizer-3.4.4-cp314-cp314-musllinux_1_2_x86_64.whl", hash = "sha256:99ae2cffebb06e6c22bdc25801d7b30f503cc87dbd283479e7b606f70aff57ec", size = 154044, upload-time = "2025-10-14T04:41:48.81Z" },
    { url = "https://files.pythonhosted.org/packages/b0/6f/8f7af07237c34a1defe7defc565a9bc1807762f672c0fde711a4b22bf9c0/charset_normalizer-3.4.4-cp314-cp314-win32.whl", hash = "sha256:f9d332f8c2a2fcbffe1378594431458ddbef721c1769d78e2cbc06280d8155f9", size = 99940, upload-time = "2025-10-14T04:41:49.946Z" },
    { url = "https://files.pythonhosted.org/packages/4b/51/8ade005e5ca5b0d80fb4aff72a3775b325bdc3d27408c8113811a7cbe640/charset_normalizer-3.4.4-cp314-cp314-win_amd64.whl", hash = "sha256:8a6562c3700cce886c5be75ade4a5db4214fda19fede41d9792d100288d8f94c", size = 107104, upload-time = "2025-10-14T04:41:51.051Z" },
    { url = "https://files.pythonhosted.org/packages/da/5f/6b8f83a55bb8278772c5ae54a577f3099025f9ade59d0136ac24a0df4bde/charset_normalizer-3.4.4-cp314-cp314-win_arm64.whl", hash = "sha256:de00632ca48df9daf77a2c65a484531649261ec9f25489917f09e455cb09ddb2", size = 100743, upload-time = "2025-10-14T04:41:52.122Z" },
    { url = "https://files.pythonhosted.org/packages/0a/4c/925909008ed5a988ccbb72dcc897407e5d6d3bd72410d69e051fc0c14647/charset_normalizer-3.4.4-py3-none-any.whl", hash = "sha256:7a32c560861a02ff789ad905a2fe94e3f840803362c84fecf1851cb4cf3dc37f", size = 53402, upload-time = "2025-10-14T04:42:31.76Z" },
]

[[package]]
name = "fastexcel"
version = "0.19.0"
source = { registry = "https://pypi.org/simple" }
sdist = { url = "https://files.pythonhosted.org/packages/0d/c8/3b09911348e9c64dbf41096d3e8f0e93c141a23990ec9f32514111bd5f55/fastexcel-0.19.0.tar.gz", hash = "sha256:216c3719ee90963bd93a0bf8c10b177233046ac975b67651152fdaedd3c99aa1", size = 60323, upload-time = "2026-01-20T11:17:37.253Z" }
wheels = [
    { url = "https://files.pythonhosted.org/packages/d1/e0/3820e93ea606549cfddb8c437141dd69f2b245e74785efc8bd7511ba909d/fastexcel-0.19.0-cp310-abi3-macosx_10_12_x86_64.whl", hash = "sha256:68601072a0b4b4277c165b68f1055f88ef7ffe7ed6f08c1eeda0f0271e3f7da0", size = 3082362, upload-time = "2026-01-20T11:17:27.157Z" },
    { url = "https://files.pythonhosted.org/packages/66/0f/b42dc09515879192919942157292912393584045fd8bad98bd92961d4c30/fastexcel-0.19.0-cp310-abi3-macosx_11_0_arm64.whl", hash = "sha256:c8a87d94445678e7e3f46a6aa39d2afaee5b88a983ec3661143a6488d8955f44", size = 2864365, upload-time = "2026-01-20T11:17:28.786Z" },
    { url = "https://files.pythonhosted.org/packages/8e/4a/bc358b20fcff64b4c14ff7d7a0e1f797792b8b77e30ae755873c02362538/fastexcel-0.19.0-cp310-abi3-manylinux_2_17_aarch64.manylinux2014_aarch64.whl", hash = "sha256:e94fc1be6642555f277af792c22a9f80ec9b4d640d9690f00abb822b6d865069", size = 3186426, upload-time = "2026-01-20T11:17:19.087Z" },
    { url = "https://files.pythonhosted.org/packages/58/ae/d2ffdc5ad14190153e2422fc90a1052a4b0c3086d24cb8ae8967575321d8/fastexcel-0.19.0-cp310-abi3-manylinux_2_17_x86_64.manylinux2014_x86_64.whl", hash = "sha256:334f9f40cd68b5924a712b6c104949757a0b8ad8a7e3fa3f3fad1c1ebc00258b", size = 3365628, upload-time = "2026-01-20T11:17:21.116Z" },
    { url = "https://files.pythonhosted.org/packages/6e/67/5f6d4e7760dc3dd8244cd124dabdd5bb7622bf1197edcc2513648847690e/fastexcel-0.19.0-cp310-abi3-win_amd64.whl", hash = "sha256:fbbdf9de79c3ef3572809bb187927c0dc5840968ffe513ea015a383024b7c6b0", size = 2905173, upload-time = "2026-01-20T11:17:33.687Z" },
    { url = "https://files.pythonhosted.org/packages/aa/a4/4290e356cfe028b11db8d96f8d5bca43bde8ed1fd9a491661df4d57551de/fastexcel-0.19.0-cp314-cp314t-macosx_10_12_x86_64.whl", hash = "sha256:26eb85d98087b3c13e083a1fb51a3dfcd57607865fb44d8d6db451948ef65c63", size = 3069723, upload-time = "2026-01-20T11:17:30.521Z" },
    { url = "https://files.pythonhosted.org/packages/fb/1e/1364b08c1d5449236af23366ac3beaabbc63b283f354fc1aa6ad0b95cc37/fastexcel-0.19.0-cp314-cp314t-macosx_11_0_arm64.whl", hash = "sha256:42d48b077b7ec070de6ea34c99f9a0c97e45cd767fbadd135fc30fa70de24b42", size = 2852643, upload-time = "2026-01-20T11:17:32.079Z" },
    { url = "https://files.pythonhosted.org/packages/85/1b/57a5e2441ab29ecb774f642f66d5e9f9246cdc14ca4ee85ada5b081f4656/fastexcel-0.19.0-cp314-cp314t-manylinux_2_17_aarch64.manylinux2014_aarch64.whl", hash = "sha256:e3c49fac330cc306bb0bd73d96138f438441d8254eed19ca6c1800aaa9d69054", size = 3182805, upload-time = "2026-01-20T11:17:23.068Z" },
    { url = "https://files.pythonhosted.org/packages/76/50/0e5c416b990d153bad1e63b8268ea751fc8a319d134de14e3bbba38000c7/fastexcel-0.19.0-cp314-cp314t-manylinux_2_17_x86_64.manylinux2014_x86_64.whl", hash = "sha256:75aad96c34836eca90fc6d0e061240c145795f8754424698e2aadfd634abb4cf", size = 3360260, upload-time = "2026-01-20T11:17:24.711Z" },
    { url = "https://files.pythonhosted.org/packages/48/38/b3faa12a74f387e037ff33adae761c22fc3aa44eed15a2c09d653b4eb194/fastexcel-0.19.0-cp314-cp314t-win_amd64.whl", hash = "sha256:7ef8e41cb0118f90d5f9a636fcdc0e9d635938cdaa54a3182328f3d34ce9ee1a", size = 2897686, upload-time = "2026-01-20T11:17:35.453Z" },
]

[package.optional-dependencies]
polars = [
    { name = "polars" },
]

[[package]]
name = "idna"
version = "3.11"
source = { registry = "https://pypi.org/simple" }
sdist = { url = "https://files.pythonhosted.org/packages/6f/6d/0703ccc57f3a7233505399edb88de3cbd678da106337b9fcde432b65ed60/idna-3.11.tar.gz", hash = "sha256:795dafcc9c04ed0c1fb032c2aa73654d8e8c5023a7df64a53f39190ada629902", size = 194582, upload-time = "2025-10-12T14:55:20.501Z" }
wheels = [
    { url = "https://files.pythonhosted.org/packages/0e/61/66938bbb5fc52dbdf84594873d5b51fb1f7c7794e9c0f5bd885f30bc507b/idna-3.11-py3-none-any.whl", hash = "sha256:771a87f49d9defaf64091e6e6fe9c18d4833f140bd19464795bc32d966ca37ea", size = 71008, upload-time = "2025-10-12T14:55:18.883Z" },
]

[[package]]
name = "polars"
version = "1.38.1"
source = { registry = "https://pypi.org/simple" }
dependencies = [
    { name = "polars-runtime-32" },
]
sdist = { url = "https://files.pythonhosted.org/packages/c6/5e/208a24471a433bcd0e9a6889ac49025fd4daad2815c8220c5bd2576e5f1b/polars-1.38.1.tar.gz", hash = "sha256:803a2be5344ef880ad625addfb8f641995cfd777413b08a10de0897345778239", size = 717667, upload-time = "2026-02-06T18:13:23.013Z" }
wheels = [
    { url = "https://files.pythonhosted.org/packages/0a/49/737c1a6273c585719858261753da0b688454d1b634438ccba8a9c4eb5aab/polars-1.38.1-py3-none-any.whl", hash = "sha256:a29479c48fed4984d88b656486d221f638cba45d3e961631a50ee5fdde38cb2c", size = 810368, upload-time = "2026-02-06T18:11:55.819Z" },
]

[[package]]
name = "polars-runtime-32"
version = "1.38.1"
source = { registry = "https://pypi.org/simple" }
sdist = { url = "https://files.pythonhosted.org/packages/07/4b/04d6b3fb7cf336fbe12fbc4b43f36d1783e11bb0f2b1e3980ec44878df06/polars_runtime_32-1.38.1.tar.gz", hash = "sha256:04f20ed1f5c58771f34296a27029dc755a9e4b1390caeaef8f317e06fdfce2ec", size = 2812631, upload-time = "2026-02-06T18:13:25.206Z" }
wheels = [
    { url = "https://files.pythonhosted.org/packages/ae/a2/a00defbddadd8cf1042f52380dcba6b6592b03bac8e3b34c436b62d12d3b/polars_runtime_32-1.38.1-cp310-abi3-macosx_10_12_x86_64.whl", hash = "sha256:18154e96044724a0ac38ce155cf63aa03c02dd70500efbbf1a61b08cadd269ef", size = 44108001, upload-time = "2026-02-06T18:11:58.127Z" },
    { url = "https://files.pythonhosted.org/packages/a7/fb/599ff3709e6a303024efd7edfd08cf8de55c6ac39527d8f41cbc4399385f/polars_runtime_32-1.38.1-cp310-abi3-macosx_11_0_arm64.whl", hash = "sha256:c49acac34cc4049ed188f1eb67d6ff3971a39b4af7f7b734b367119970f313ac", size = 40230140, upload-time = "2026-02-06T18:12:01.181Z" },
    { url = "https://files.pythonhosted.org/packages/dc/8c/3ac18d6f89dc05fe2c7c0ee1dc5b81f77a5c85ad59898232c2500fe2ebbf/polars_runtime_32-1.38.1-cp310-abi3-manylinux_2_17_aarch64.manylinux2014_aarch64.whl", hash = "sha256:fef2ef2626a954e010e006cc8e4de467ecf32d08008f130cea1c78911f545323", size = 41994039, upload-time = "2026-02-06T18:12:04.332Z" },
    { url = "https://files.pythonhosted.org/packages/f2/5a/61d60ec5cc0ab37cbd5a699edb2f9af2875b7fdfdfb2a4608ca3cc5f0448/polars_runtime_32-1.38.1-cp310-abi3-manylinux_2_17_x86_64.manylinux2014_x86_64.whl", hash = "sha256:e8a5f7a8125e2d50e2e060296551c929aec09be23a9edcb2b12ca923f555a5ba", size = 45755804, upload-time = "2026-02-06T18:12:07.846Z" },
    { url = "https://files.pythonhosted.org/packages/91/54/02cd4074c98c361ccd3fec3bcb0bd68dbc639c0550c42a4436b0ff0f3ccf/polars_runtime_32-1.38.1-cp310-abi3-musllinux_1_2_aarch64.whl", hash = "sha256:10d19cd9863e129273b18b7fcaab625b5c8143c2d22b3e549067b78efa32e4fa", size = 42159605, upload-time = "2026-02-06T18:12:10.919Z" },
    { url = "https://files.pythonhosted.org/packages/8e/f3/b2a5e720cc56eaa38b4518e63aa577b4bbd60e8b05a00fe43ca051be5879/polars_runtime_32-1.38.1-cp310-abi3-musllinux_1_2_x86_64.whl", hash = "sha256:61e8d73c614b46a00d2f853625a7569a2e4a0999333e876354ac81d1bf1bb5e2", size = 45336615, upload-time = "2026-02-06T18:12:14.074Z" },
    { url = "https://files.pythonhosted.org/packages/f1/8d/ee2e4b7de948090cfb3df37d401c521233daf97bfc54ddec5d61d1d31618/polars_runtime_32-1.38.1-cp310-abi3-win_amd64.whl", hash = "sha256:08c2b3b93509c1141ac97891294ff5c5b0c548a373f583eaaea873a4bf506437", size = 45680732, upload-time = "2026-02-06T18:12:19.097Z" },
    { url = "https://files.pythonhosted.org/packages/bf/18/72c216f4ab0c82b907009668f79183ae029116ff0dd245d56ef58aac48e7/polars_runtime_32-1.38.1-cp310-abi3-win_arm64.whl", hash = "sha256:6d07d0cc832bfe4fb54b6e04218c2c27afcfa6b9498f9f6bbf262a00d58cc7c4", size = 41639413, upload-time = "2026-02-06T18:12:22.044Z" },
]

[[package]]
name = "requests"
version = "2.32.5"
source = { registry = "https://pypi.org/simple" }
dependencies = [
    { name = "certifi" },
    { name = "charset-normalizer" },
    { name = "idna" },
    { name = "urllib3" },
]
sdist = { url = "https://files.pythonhosted.org/packages/c9/74/b3ff8e6c8446842c3f5c837e9c3dfcfe2018ea6ecef224c710c85ef728f4/requests-2.32.5.tar.gz", hash = "sha256:dbba0bac56e100853db0ea71b82b4dfd5fe2bf6d3754a8893c3af500cec7d7cf", size = 134517, upload-time = "2025-08-18T20:46:02.573Z" }
wheels = [
    { url = "https://files.pythonhosted.org/packages/1e/db/4254e3eabe8020b458f1a747140d32277ec7a271daf1d235b70dc0b4e6e3/requests-2.32.5-py3-none-any.whl", hash = "sha256:2462f94637a34fd532264295e186976db0f5d453d1cdd31473c85a6a161affb6", size = 64738, upload-time = "2025-08-18T20:46:00.542Z" },
]

[[package]]
name = "urllib3"
version = "2.6.3"
source = { registry = "https://pypi.org/simple" }
sdist = { url = "https://files.pythonhosted.org/packages/c7/24/5f1b3bdffd70275f6661c76461e25f024d5a38a46f04aaca912426a2b1d3/urllib3-2.6.3.tar.gz", hash = "sha256:1b62b6884944a57dbe321509ab94fd4d3b307075e0c2eae991ac71ee15ad38ed", size = 435556, upload-time = "2026-01-07T16:24:43.925Z" }
wheels = [
    { url = "https://files.pythonhosted.org/packages/39/08/aaaad47bc4e9dc8c725e68f9d04865dbcb2052843ff09c97b08904852d84/urllib3-2.6.3-py3-none-any.whl", hash = "sha256:bf272323e553dfb2e87d9bfd225ca7b0f467b919d7bbd355436d3fd37cb0acd4", size = 131584, upload-time = "2026-01-07T16:24:42.685Z" },
]
